
Microsoft Visual Studio Solution File, Format Version 12.00
# Visual Studio Version 16
VisualStudioVersion = 16.0.30114.105
MinimumVisualStudioVersion = 10.0.40219.1
Project("{FAE04EC0-301F-11D3-BF4B-00C04F79EFBC}") = "R5T.S0027", "R5T.S0027\R5T.S0027.csproj", "{81B5FE2B-D39B-4F56-A03A-12E0861D419D}"
EndProject
Project("{2150E333-8FDC-42A3-9474-1A3956D46DE8}") = "_Dependencies", "_Dependencies", "{688D6DB6-D032-4C10-8B41-EFED7B1F5744}"
EndProject
Project("{FAE04EC0-301F-11D3-BF4B-00C04F79EFBC}") = "R5T.Plymouth.ProgramAsAService", "..\..\R5T.Plymouth\source\R5T.Plymouth.ProgramAsAService\R5T.Plymouth.ProgramAsAService.csproj", "{CB82B8A4-9D08-4008-BA08-1140CD505A6B}"
EndProject
Project("{FAE04EC0-301F-11D3-BF4B-00C04F79EFBC}") = "R5T.T0027.T009", "..\..\R5T.T0027\source\R5T.T0027.T009\R5T.T0027.T009.csproj", "{72A9A03A-91A4-449E-AA69-8EEEB617E69E}"
EndProject
Project("{FAE04EC0-301F-11D3-BF4B-00C04F79EFBC}") = "R5T.S0027.Lib", "R5T.S0027.Lib\R5T.S0027.Lib.csproj", "{71EFCB1F-B2B6-4D33-A51E-93FA5F84CB35}"
EndProject
Project("{FAE04EC0-301F-11D3-BF4B-00C04F79EFBC}") = "R5T.Magyar", "..\..\R5T.Magyar\source\R5T.Magyar\R5T.Magyar.csproj", "{142EDCB2-8190-4F7F-99B1-96D053563080}"
EndProject
Project("{FAE04EC0-301F-11D3-BF4B-00C04F79EFBC}") = "R5T.T0039.T002", "..\..\R5T.T0039\source\R5T.T0039.T002\R5T.T0039.T002.csproj", "{ADB09F64-5E75-4EF1-9AC6-99513485A6C7}"
EndProject
Global
	GlobalSection(SolutionConfigurationPlatforms) = preSolution
		Debug|Any CPU = Debug|Any CPU
		Debug|x64 = Debug|x64
		Debug|x86 = Debug|x86
		Release|Any CPU = Release|Any CPU
		Release|x64 = Release|x64
		Release|x86 = Release|x86
	EndGlobalSection
	GlobalSection(SolutionProperties) = preSolution
		HideSolutionNode = FALSE
	EndGlobalSection
	GlobalSection(ProjectConfigurationPlatforms) = postSolution
		{81B5FE2B-D39B-4F56-A03A-12E0861D419D}.Debug|Any CPU.ActiveCfg = Debug|Any CPU
		{81B5FE2B-D39B-4F56-A03A-12E0861D419D}.Debug|Any CPU.Build.0 = Debug|Any CPU
		{81B5FE2B-D39B-4F56-A03A-12E0861D419D}.Debug|x64.ActiveCfg = Debug|Any CPU
		{81B5FE2B-D39B-4F56-A03A-12E0861D419D}.Debug|x64.Build.0 = Debug|Any CPU
		{81B5FE2B-D39B-4F56-A03A-12E0861D419D}.Debug|x86.ActiveCfg = Debug|Any CPU
		{81B5FE2B-D39B-4F56-A03A-12E0861D419D}.Debug|x86.Build.0 = Debug|Any CPU
		{81B5FE2B-D39B-4F56-A03A-12E0861D419D}.Release|Any CPU.ActiveCfg = Release|Any CPU
		{81B5FE2B-D39B-4F56-A03A-12E0861D419D}.Release|Any CPU.Build.0 = Release|Any CPU
		{81B5FE2B-D39B-4F56-A03A-12E0861D419D}.Release|x64.ActiveCfg = Release|Any CPU
		{81B5FE2B-D39B-4F56-A03A-12E0861D419D}.Release|x64.Build.0 = Release|Any CPU
		{81B5FE2B-D39B-4F56-A03A-12E0861D419D}.Release|x86.ActiveCfg = Release|Any CPU
		{81B5FE2B-D39B-4F56-A03A-12E0861D419D}.Release|x86.Build.0 = Release|Any CPU
		{CB82B8A4-9D08-4008-BA08-1140CD505A6B}.Debug|Any CPU.ActiveCfg = Debug|Any CPU
		{CB82B8A4-9D08-4008-BA08-1140CD505A6B}.Debug|Any CPU.Build.0 = Debug|Any CPU
		{CB82B8A4-9D08-4008-BA08-1140CD505A6B}.Debug|x64.ActiveCfg = Debug|Any CPU
		{CB82B8A4-9D08-4008-BA08-1140CD505A6B}.Debug|x64.Build.0 = Debug|Any CPU
		{CB82B8A4-9D08-4008-BA08-1140CD505A6B}.Debug|x86.ActiveCfg = Debug|Any CPU
		{CB82B8A4-9D08-4008-BA08-1140CD505A6B}.Debug|x86.Build.0 = Debug|Any CPU
		{CB82B8A4-9D08-4008-BA08-1140CD505A6B}.Release|Any CPU.ActiveCfg = Release|Any CPU
		{CB82B8A4-9D08-4008-BA08-1140CD505A6B}.Release|Any CPU.Build.0 = Release|Any CPU
		{CB82B8A4-9D08-4008-BA08-1140CD505A6B}.Release|x64.ActiveCfg = Release|Any CPU
		{CB82B8A4-9D08-4008-BA08-1140CD505A6B}.Release|x64.Build.0 = Release|Any CPU
		{CB82B8A4-9D08-4008-BA08-1140CD505A6B}.Release|x86.ActiveCfg = Release|Any CPU
		{CB82B8A4-9D08-4008-BA08-1140CD505A6B}.Release|x86.Build.0 = Release|Any CPU
		{72A9A03A-91A4-449E-AA69-8EEEB617E69E}.Debug|Any CPU.ActiveCfg = Debug|Any CPU
		{72A9A03A-91A4-449E-AA69-8EEEB617E69E}.Debug|Any CPU.Build.0 = Debug|Any CPU
		{72A9A03A-91A4-449E-AA69-8EEEB617E69E}.Debug|x64.ActiveCfg = Debug|Any CPU
		{72A9A03A-91A4-449E-AA69-8EEEB617E69E}.Debug|x64.Build.0 = Debug|Any CPU
		{72A9A03A-91A4-449E-AA69-8EEEB617E69E}.Debug|x86.ActiveCfg = Debug|Any CPU
		{72A9A03A-91A4-449E-AA69-8EEEB617E69E}.Debug|x86.Build.0 = Debug|Any CPU
		{72A9A03A-91A4-449E-AA69-8EEEB617E69E}.Release|Any CPU.ActiveCfg = Release|Any CPU
		{72A9A03A-91A4-449E-AA69-8EEEB617E69E}.Release|Any CPU.Build.0 = Release|Any CPU
		{72A9A03A-91A4-449E-AA69-8EEEB617E69E}.Release|x64.ActiveCfg = Release|Any CPU
		{72A9A03A-91A4-449E-AA69-8EEEB617E69E}.Release|x64.Build.0 = Release|Any CPU
		{72A9A03A-91A4-449E-AA69-8EEEB617E69E}.Release|x86.ActiveCfg = Release|Any CPU
		{72A9A03A-91A4-449E-AA69-8EEEB617E69E}.Release|x86.Build.0 = Release|Any CPU
		{71EFCB1F-B2B6-4D33-A51E-93FA5F84CB35}.Debug|Any CPU.ActiveCfg = Debug|Any CPU
		{71EFCB1F-B2B6-4D33-A51E-93FA5F84CB35}.Debug|Any CPU.Build.0 = Debug|Any CPU
		{71EFCB1F-B2B6-4D33-A51E-93FA5F84CB35}.Debug|x64.ActiveCfg = Debug|Any CPU
		{71EFCB1F-B2B6-4D33-A51E-93FA5F84CB35}.Debug|x64.Build.0 = Debug|Any CPU
		{71EFCB1F-B2B6-4D33-A51E-93FA5F84CB35}.Debug|x86.ActiveCfg = Debug|Any CPU
		{71EFCB1F-B2B6-4D33-A51E-93FA5F84CB35}.Debug|x86.Build.0 = Debug|Any CPU
		{71EFCB1F-B2B6-4D33-A51E-93FA5F84CB35}.Release|Any CPU.ActiveCfg = Release|Any CPU
		{71EFCB1F-B2B6-4D33-A51E-93FA5F84CB35}.Release|Any CPU.Build.0 = Release|Any CPU
		{71EFCB1F-B2B6-4D33-A51E-93FA5F84CB35}.Release|x64.ActiveCfg = Release|Any CPU
		{71EFCB1F-B2B6-4D33-A51E-93FA5F84CB35}.Release|x64.Build.0 = Release|Any CPU
		{71EFCB1F-B2B6-4D33-A51E-93FA5F84CB35}.Release|x86.ActiveCfg = Release|Any CPU
		{71EFCB1F-B2B6-4D33-A51E-93FA5F84CB35}.Release|x86.Build.0 = Release|Any CPU
		{142EDCB2-8190-4F7F-99B1-96D053563080}.Debug|Any CPU.ActiveCfg = Debug|Any CPU
		{142EDCB2-8190-4F7F-99B1-96D053563080}.Debug|Any CPU.Build.0 = Debug|Any CPU
		{142EDCB2-8190-4F7F-99B1-96D053563080}.Debug|x64.ActiveCfg = Debug|Any CPU
		{142EDCB2-8190-4F7F-99B1-96D053563080}.Debug|x64.Build.0 = Debug|Any CPU
		{142EDCB2-8190-4F7F-99B1-96D053563080}.Debug|x86.ActiveCfg = Debug|Any CPU
		{142EDCB2-8190-4F7F-99B1-96D053563080}.Debug|x86.Build.0 = Debug|Any CPU
		{142EDCB2-8190-4F7F-99B1-96D053563080}.Release|Any CPU.ActiveCfg = Release|Any CPU
		{142EDCB2-8190-4F7F-99B1-96D053563080}.Release|Any CPU.Build.0 = Release|Any CPU
		{142EDCB2-8190-4F7F-99B1-96D053563080}.Release|x64.ActiveCfg = Release|Any CPU
		{142EDCB2-8190-4F7F-99B1-96D053563080}.Release|x64.Build.0 = Release|Any CPU
		{142EDCB2-8190-4F7F-99B1-96D053563080}.Release|x86.ActiveCfg = Release|Any CPU
		{142EDCB2-8190-4F7F-99B1-96D053563080}.Release|x86.Build.0 = Release|Any CPU
		{ADB09F64-5E75-4EF1-9AC6-99513485A6C7}.Debug|Any CPU.ActiveCfg = Debug|Any CPU
		{ADB09F64-5E75-4EF1-9AC6-99513485A6C7}.Debug|Any CPU.Build.0 = Debug|Any CPU
		{ADB09F64-5E75-4EF1-9AC6-99513485A6C7}.Debug|x64.ActiveCfg = Debug|Any CPU
		{ADB09F64-5E75-4EF1-9AC6-99513485A6C7}.Debug|x64.Build.0 = Debug|Any CPU
		{ADB09F64-5E75-4EF1-9AC6-99513485A6C7}.Debug|x86.ActiveCfg = Debug|Any CPU
		{ADB09F64-5E75-4EF1-9AC6-99513485A6C7}.Debug|x86.Build.0 = Debug|Any CPU
		{ADB09F64-5E75-4EF1-9AC6-99513485A6C7}.Release|Any CPU.ActiveCfg = Release|Any CPU
		{ADB09F64-5E75-4EF1-9AC6-99513485A6C7}.Release|Any CPU.Build.0 = Release|Any CPU
		{ADB09F64-5E75-4EF1-9AC6-99513485A6C7}.Release|x64.ActiveCfg = Release|Any CPU
		{ADB09F64-5E75-4EF1-9AC6-99513485A6C7}.Release|x64.Build.0 = Release|Any CPU
		{ADB09F64-5E75-4EF1-9AC6-99513485A6C7}.Release|x86.ActiveCfg = Release|Any CPU
		{ADB09F64-5E75-4EF1-9AC6-99513485A6C7}.Release|x86.Build.0 = Release|Any CPU
	EndGlobalSection
	GlobalSection(NestedProjects) = preSolution
		{CB82B8A4-9D08-4008-BA08-1140CD505A6B} = {688D6DB6-D032-4C10-8B41-EFED7B1F5744}
		{72A9A03A-91A4-449E-AA69-8EEEB617E69E} = {688D6DB6-D032-4C10-8B41-EFED7B1F5744}
		{142EDCB2-8190-4F7F-99B1-96D053563080} = {688D6DB6-D032-4C10-8B41-EFED7B1F5744}
		{ADB09F64-5E75-4EF1-9AC6-99513485A6C7} = {688D6DB6-D032-4C10-8B41-EFED7B1F5744}
	EndGlobalSection
EndGlobal
